lockfileVersion: '9.0'

settings:
  autoInstallPeers: true
  excludeLinksFromLockfile: false

importers:

  .:
    dependencies:
      '@types/node':
        specifier: ^22.10.5
        version: 22.10.5
    devDependencies:
      '@rollup/plugin-typescript':
        specifier: ^12.1.2
        version: 12.1.2(rollup@4.31.0)(tslib@2.8.1)(typescript@5.7.3)
      '@tsconfig/node22':
        specifier: ^22.0.0
        version: 22.0.0
      npmversion:
        specifier: ^2.0.5
        version: 2.0.5
      rollup:
        specifier: ^4.31.0
        version: 4.31.0
      rollup-plugin-preserve-shebangs:
        specifier: ^0.2.0
        version: 0.2.0(rollup@4.31.0)
      tslib:
        specifier: ^2.8.1
        version: 2.8.1
      typescript:
        specifier: ^5.7.3
        version: 5.7.3

packages:

  '@babel/code-frame@7.26.2':
    resolution: {integrity: sha512-RJlIHRueQgwWitWgF8OdFYGZX328Ax5BCemNGlqHfplnRT9ESi8JkFlvaVYbS+UubVY6dpv87Fs2u5M29iNFVQ==}
    engines: {node: '>=6.9.0'}

  '@babel/helper-validator-identifier@7.25.9':
    resolution: {integrity: sha512-Ed61U6XJc3CVRfkERJWDz4dJwKe7iLmmJsbOGu9wSloNSFttHV0I8g6UAgb7qnK5ly5bGLPd4oXZlxCdANBOWQ==}
    engines: {node: '>=6.9.0'}

  '@gwhitney/detect-indent@7.0.1':
    resolution: {integrity: sha512-7bQW+gkKa2kKZPeJf6+c6gFK9ARxQfn+FKy9ScTBppyKRWH2KzsmweXUoklqeEiHiNVWaeP5csIdsNq6w7QhzA==}
    engines: {node: '>=12.20'}

  '@isaacs/cliui@8.0.2':
    resolution: {integrity: sha512-O8jcjabXaleOG9DQ0+ARXWZBTfnP4WNAqzuiJK7ll44AmxGKv/J2M4TPjxjY3znBCfvBXFzucm1twdyFybFqEA==}
    engines: {node: '>=12'}

  '@nodelib/fs.scandir@2.1.5':
    resolution: {integrity: sha512-vq24Bq3ym5HEQm2NKCr3yXDwjc7vTsEThRDnkp2DK9p1uqLR+DHurm/NOTo0KG7HYHU7eppKZj3MyqYuMBf62g==}
    engines: {node: '>= 8'}

  '@nodelib/fs.stat@2.0.5':
    resolution: {integrity: sha512-RkhPPp2zrqDAQA/2jNhnztcPAlv64XdhIp7a7454A5ovI7Bukxgt7MX7udwAu3zg1DcpPU0rz3VV1SeaqvY4+A==}
    engines: {node: '>= 8'}

  '@nodelib/fs.walk@1.2.8':
    resolution: {integrity: sha512-oGB+UxlgWcgQkgwo8GcEGwemoTFt3FIO9ababBmaGwXIoBKZ+GTy0pP185beGg7Llih/NSHSV2XAs1lnznocSg==}
    engines: {node: '>= 8'}

  '@npmcli/git@6.0.1':
    resolution: {integrity: sha512-BBWMMxeQzalmKadyimwb2/VVQyJB01PH0HhVSNLHNBDZN/M/h/02P6f8fxedIiFhpMj11SO9Ep5tKTBE7zL2nw==}
    engines: {node: ^18.17.0 || >=20.5.0}

  '@npmcli/package-json@6.1.0':
    resolution: {integrity: sha512-t6G+6ZInT4X+tqj2i+wlLIeCKnKOTuz9/VFYDtj+TGTur5q7sp/OYrQA19LdBbWfXDOi0Y4jtedV6xtB8zQ9ug==}
    engines: {node: ^18.17.0 || >=20.5.0}

  '@npmcli/promise-spawn@8.0.2':
    resolution: {integrity: sha512-/bNJhjc+o6qL+Dwz/bqfTQClkEO5nTQ1ZEcdCkAQjhkZMHIh22LPG7fNh1enJP1NKWDqYiiABnjFCY7E0zHYtQ==}
    engines: {node: ^18.17.0 || >=20.5.0}

  '@npmversion/cli@2.0.5':
    resolution: {integrity: sha512-ygLRWBXS1eubQHGQa0tfGvDEYhtg5FCpifR9jmDge/bsEH3+8kBJqaktTBX9qqinfyIQrtACEbLPwe4WqwHMow==}
    engines: {node: ^16.10.0 || ^18.12.0 || >=20.0.0}
    hasBin: true

  '@npmversion/core@2.0.5':
    resolution: {integrity: sha512-AUIxDH9XDcGkYJfOZ5NrMwQytRLwrGmTCGvvxfRGblGXd3r0ECmFO9+L8jGvB2NlxVJA2tYLM5tcoxOjqQfExQ==}
    engines: {node: ^16.10.0 || ^18.12.0 || >=20.0.0}
    peerDependencies:
      '@npmversion/jest-utils': '*'
    peerDependenciesMeta:
      '@npmversion/jest-utils':
        optional: true

  '@npmversion/util@2.0.5':
    resolution: {integrity: sha512-THZlFSf6C1OE3JZOU4QyMZzYKYKOD7ZPyyMHU/9g3Hw5E/QuSw3xgnJ74OQghj1feKByPsga4KBgzodlblyA6A==}
    engines: {node: ^16.10.0 || ^18.12.0 || >=20.0.0}
    peerDependencies:
      '@npmversion/jest-utils': '*'
    peerDependenciesMeta:
      '@npmversion/jest-utils':
        optional: true

  '@npmversion/workspace@2.0.5':
    resolution: {integrity: sha512-/3snX0eWpNEKZEQKmW4b2W6ppIj5YoRiUntfKX7G3YYvSXSw1yFfI+DMaE9BRCjMJmhm/07iTY9GPWtoPXJtyg==}
    engines: {node: ^16.10.0 || ^18.12.0 || >=20.0.0}
    peerDependencies:
      '@npmversion/jest-utils': '*'
    peerDependenciesMeta:
      '@npmversion/jest-utils':
        optional: true

  '@pkgjs/parseargs@0.11.0':
    resolution: {integrity: sha512-+1VkjdD0QBLPodGrJUeqarH8VAIvQODIbwh9XpP5Syisf7YoQgsJKPNFoqqLQlu+VQ/tVSshMR6loPMn8U+dPg==}
    engines: {node: '>=14'}

  '@pnpm/constants@1001.0.0':
    resolution: {integrity: sha512-yg+S/e8goJoUC4CxyKAplT2fuI94G/nynshPCNkLsi69bUMim5iDMuiiiMo/LeMoOjuyfByealD3u1mqNXrl+A==}
    engines: {node: '>=18.12'}

  '@pnpm/error@1000.0.1':
    resolution: {integrity: sha512-FdDMjp9ORXK/JlxwjlNF7mRohVKx5pvM01bxsVUSLFLZ9/oMBtDceWlntUTLhvr2MwYcr69mGilTojnXEbsjQA==}
    engines: {node: '>=18.12'}

  '@pnpm/fs.find-packages@1000.0.1':
    resolution: {integrity: sha512-mK1KUW4gS57ufy/NcpAF9DNEFMEIXU8ZYqXiEqpS7Q/aBxHLPaTpcj9rcBmDl/Nt8YKAk2BkwMz2FcVfdXkbwA==}
    engines: {node: '>=18.12'}

  '@pnpm/graceful-fs@1000.0.0':
    resolution: {integrity: sha512-RvMEliAmcfd/4UoaYQ93DLQcFeqit78jhYmeJJVPxqFGmj0jEcb9Tu0eAOXr7tGP3eJHpgvPbTU4o6pZ1bJhxg==}
    engines: {node: '>=18.12'}

  '@pnpm/read-project-manifest@1000.0.1':
    resolution: {integrity: sha512-pEiaUPfFP4W1uFnX8WXFh7ceJWvS45hgafmkYnp2SB/ehrkP0O48rCeC/5ZbZ4eLRYu650uGFBjugRF8HKs3Zg==}
    engines: {node: '>=18.12'}

  '@pnpm/text.comments-parser@1000.0.0':
    resolution: {integrity: sha512-ivv/esrETOq9uMiKOC0ddVZ1BktEGsfsMQ9RWmrDpwPiqFSqWsIspnquxTBmm5GflC5N06fbqjGOpulZVYo3vQ==}
    engines: {node: '>=18.12'}

  '@pnpm/types@1000.0.0':
    resolution: {integrity: sha512-txl+XYCa0tuZ+J55hp3M3g8PGmKbf371GDDWlKjDBEXmVRn484LBLx10lPfQAK8/BsMjr42CfpJpfaJrUipQVg==}
    engines: {node: '>=18.12'}

  '@pnpm/util.lex-comparator@3.0.0':
    resolution: {integrity: sha512-ead+l3IiuVXwKDf/QJPX6G93cwhXki3yOVEA/VdAO7AhZ5vUuSBxHe6gQKEbB0QacJ4H5VsYxeM1xUgwjjOO/Q==}
    engines: {node: '>=18.12'}

  '@pnpm/write-project-manifest@1000.0.0':
    resolution: {integrity: sha512-uo88kwRogMHZftJuQvlvPrRNfEYv3ur1LGxTKXbRtkgwDsOa1+WxnNT7TgwPDVTUH3+qZUjhLhDxhoFi0sItlA==}
    engines: {node: '>=18.12'}

  '@rollup/plugin-typescript@12.1.2':
    resolution: {integrity: sha512-cdtSp154H5sv637uMr1a8OTWB0L1SWDSm1rDGiyfcGcvQ6cuTs4MDk2BVEBGysUWago4OJN4EQZqOTl/QY3Jgg==}
    engines: {node: '>=14.0.0'}
    peerDependencies:
      rollup: ^2.14.0||^3.0.0||^4.0.0
      tslib: '*'
      typescript: '>=3.7.0'
    peerDependenciesMeta:
      rollup:
        optional: true
      tslib:
        optional: true

  '@rollup/pluginutils@5.1.4':
    resolution: {integrity: sha512-USm05zrsFxYLPdWWq+K3STlWiT/3ELn3RcV5hJMghpeAIhxfsUIg6mt12CBJBInWMV4VneoV7SfGv8xIwo2qNQ==}
    engines: {node: '>=14.0.0'}
    peerDependencies:
      rollup: ^1.20.0||^2.0.0||^3.0.0||^4.0.0
    peerDependenciesMeta:
      rollup:
        optional: true

  '@rollup/rollup-android-arm-eabi@4.31.0':
    resolution: {integrity: sha512-9NrR4033uCbUBRgvLcBrJofa2KY9DzxL2UKZ1/4xA/mnTNyhZCWBuD8X3tPm1n4KxcgaraOYgrFKSgwjASfmlA==}
    cpu: [arm]
    os: [android]

  '@rollup/rollup-android-arm64@4.31.0':
    resolution: {integrity: sha512-iBbODqT86YBFHajxxF8ebj2hwKm1k8PTBQSojSt3d1FFt1gN+xf4CowE47iN0vOSdnd+5ierMHBbu/rHc7nq5g==}
    cpu: [arm64]
    os: [android]

  '@rollup/rollup-darwin-arm64@4.31.0':
    resolution: {integrity: sha512-WHIZfXgVBX30SWuTMhlHPXTyN20AXrLH4TEeH/D0Bolvx9PjgZnn4H677PlSGvU6MKNsjCQJYczkpvBbrBnG6g==}
    cpu: [arm64]
    os: [darwin]

  '@rollup/rollup-darwin-x64@4.31.0':
    resolution: {integrity: sha512-hrWL7uQacTEF8gdrQAqcDy9xllQ0w0zuL1wk1HV8wKGSGbKPVjVUv/DEwT2+Asabf8Dh/As+IvfdU+H8hhzrQQ==}
    cpu: [x64]
    os: [darwin]

  '@rollup/rollup-freebsd-arm64@4.31.0':
    resolution: {integrity: sha512-S2oCsZ4hJviG1QjPY1h6sVJLBI6ekBeAEssYKad1soRFv3SocsQCzX6cwnk6fID6UQQACTjeIMB+hyYrFacRew==}
    cpu: [arm64]
    os: [freebsd]

  '@rollup/rollup-freebsd-x64@4.31.0':
    resolution: {integrity: sha512-pCANqpynRS4Jirn4IKZH4tnm2+2CqCNLKD7gAdEjzdLGbH1iO0zouHz4mxqg0uEMpO030ejJ0aA6e1PJo2xrPA==}
    cpu: [x64]
    os: [freebsd]

  '@rollup/rollup-linux-arm-gnueabihf@4.31.0':
    resolution: {integrity: sha512-0O8ViX+QcBd3ZmGlcFTnYXZKGbFu09EhgD27tgTdGnkcYXLat4KIsBBQeKLR2xZDCXdIBAlWLkiXE1+rJpCxFw==}
    cpu: [arm]
    os: [linux]

  '@rollup/rollup-linux-arm-musleabihf@4.31.0':
    resolution: {integrity: sha512-w5IzG0wTVv7B0/SwDnMYmbr2uERQp999q8FMkKG1I+j8hpPX2BYFjWe69xbhbP6J9h2gId/7ogesl9hwblFwwg==}
    cpu: [arm]
    os: [linux]

  '@rollup/rollup-linux-arm64-gnu@4.31.0':
    resolution: {integrity: sha512-JyFFshbN5xwy6fulZ8B/8qOqENRmDdEkcIMF0Zz+RsfamEW+Zabl5jAb0IozP/8UKnJ7g2FtZZPEUIAlUSX8cA==}
    cpu: [arm64]
    os: [linux]

  '@rollup/rollup-linux-arm64-musl@4.31.0':
    resolution: {integrity: sha512-kpQXQ0UPFeMPmPYksiBL9WS/BDiQEjRGMfklVIsA0Sng347H8W2iexch+IEwaR7OVSKtr2ZFxggt11zVIlZ25g==}
    cpu: [arm64]
    os: [linux]

  '@rollup/rollup-linux-loongarch64-gnu@4.31.0':
    resolution: {integrity: sha512-pMlxLjt60iQTzt9iBb3jZphFIl55a70wexvo8p+vVFK+7ifTRookdoXX3bOsRdmfD+OKnMozKO6XM4zR0sHRrQ==}
    cpu: [loong64]
    os: [linux]

  '@rollup/rollup-linux-powerpc64le-gnu@4.31.0':
    resolution: {integrity: sha512-D7TXT7I/uKEuWiRkEFbed1UUYZwcJDU4vZQdPTcepK7ecPhzKOYk4Er2YR4uHKme4qDeIh6N3XrLfpuM7vzRWQ==}
    cpu: [ppc64]
    os: [linux]

  '@rollup/rollup-linux-riscv64-gnu@4.31.0':
    resolution: {integrity: sha512-wal2Tc8O5lMBtoePLBYRKj2CImUCJ4UNGJlLwspx7QApYny7K1cUYlzQ/4IGQBLmm+y0RS7dwc3TDO/pmcneTw==}
    cpu: [riscv64]
    os: [linux]

  '@rollup/rollup-linux-s390x-gnu@4.31.0':
    resolution: {integrity: sha512-O1o5EUI0+RRMkK9wiTVpk2tyzXdXefHtRTIjBbmFREmNMy7pFeYXCFGbhKFwISA3UOExlo5GGUuuj3oMKdK6JQ==}
    cpu: [s390x]
    os: [linux]

  '@rollup/rollup-linux-x64-gnu@4.31.0':
    resolution: {integrity: sha512-zSoHl356vKnNxwOWnLd60ixHNPRBglxpv2g7q0Cd3Pmr561gf0HiAcUBRL3S1vPqRC17Zo2CX/9cPkqTIiai1g==}
    cpu: [x64]
    os: [linux]

  '@rollup/rollup-linux-x64-musl@4.31.0':
    resolution: {integrity: sha512-ypB/HMtcSGhKUQNiFwqgdclWNRrAYDH8iMYH4etw/ZlGwiTVxBz2tDrGRrPlfZu6QjXwtd+C3Zib5pFqID97ZA==}
    cpu: [x64]
    os: [linux]

  '@rollup/rollup-win32-arm64-msvc@4.31.0':
    resolution: {integrity: sha512-JuhN2xdI/m8Hr+aVO3vspO7OQfUFO6bKLIRTAy0U15vmWjnZDLrEgCZ2s6+scAYaQVpYSh9tZtRijApw9IXyMw==}
    cpu: [arm64]
    os: [win32]

  '@rollup/rollup-win32-ia32-msvc@4.31.0':
    resolution: {integrity: sha512-U1xZZXYkvdf5MIWmftU8wrM5PPXzyaY1nGCI4KI4BFfoZxHamsIe+BtnPLIvvPykvQWlVbqUXdLa4aJUuilwLQ==}
    cpu: [ia32]
    os: [win32]

  '@rollup/rollup-win32-x64-msvc@4.31.0':
    resolution: {integrity: sha512-ul8rnCsUumNln5YWwz0ted2ZHFhzhRRnkpBZ+YRuHoRAlUji9KChpOUOndY7uykrPEPXVbHLlsdo6v5yXo/TXw==}
    cpu: [x64]
    os: [win32]

  '@tsconfig/node22@22.0.0':
    resolution: {integrity: sha512-twLQ77zevtxobBOD4ToAtVmuYrpeYUh3qh+TEp+08IWhpsrIflVHqQ1F1CiPxQGL7doCdBIOOCF+1Tm833faNg==}

  '@types/estree@1.0.6':
    resolution: {integrity: sha512-AYnb1nQyY49te+VRAVgmzfcgjYS91mY5P0TKUDCLEM+gNnA+3T6rWITXRLYCpahpqSQbN5cE+gHpnPyXjHWxcw==}

  '@types/minimist@1.2.5':
    resolution: {integrity: sha512-hov8bUuiLiyFPGyFPE1lwWhmzYbirOXQNNo40+y3zow8aFVTeyn3VWL0VFFfdNddA8S4Vf0Tc062rzyNr7Paag==}

  '@types/node@22.10.5':
    resolution: {integrity: sha512-F8Q+SeGimwOo86fiovQh8qiXfFEh2/ocYv7tU5pJ3EXMSSxk1Joj5wefpFK2fHTf/N6HKGSxIDBT9f3gCxXPkQ==}

  '@types/rc@1.2.4':
    resolution: {integrity: sha512-xD6+epQoMH79A1uwmJIq25D+XZ57jUzCQ1DGSvs3tGKdx7QDYOOaMh6m5KBkEIW4+Cy5++bZ7NLDfdpNiYVKYA==}

  '@types/semver@7.5.8':
    resolution: {integrity: sha512-I8EUhyrgfLrcTkzV3TSsGyl1tSuPrEDzr0yd5m90UgNxQkyDXULk3b6MlQqTCpZpNtWe1K0hzclnZkTcLBe2UQ==}

  ansi-regex@5.0.1:
    resolution: {integrity: sha512-quJQXlTSUGL2LH9SUXo8VwsY4soanhgo6LNSm84E1LBcE8s3O0wpdiRzyR9z/ZZJMlMWv37qOOb9pdJlMUEKFQ==}
    engines: {node: '>=8'}

  ansi-regex@6.1.0:
    resolution: {integrity: sha512-7HSX4QQb4CspciLpVFwyRe79O3xsIZDDLER21kERQ71oaPodF8jL725AgJMFAYbooIqolJoRLuM81SpeUkpkvA==}
    engines: {node: '>=12'}

  ansi-styles@4.3.0:
    resolution: {integrity: sha512-zbB9rCJAT1rbjiVDb2hqKFHNYLxgtk8NURxZ3IZwD3F6NtxbXZQCnnSi1Lkx+IDohdPlFp222wVALIheZJQSEg==}
    engines: {node: '>=8'}

  ansi-styles@6.2.1:
    resolution: {integrity: sha512-bN798gFfQX+viw3R7yrGWRqnrN2oRkEkUjjl4JNn4E8GxxbjtG3FbrEIIY3l8/hrwUwIeCZvi4QuOTP4MErVug==}
    engines: {node: '>=12'}

  argparse@2.0.1:
    resolution: {integrity: sha512-8+9WqebbFzpX9OR+Wa6O29asIogeRMzcGtAINdpMHHyAg10f05aSFVBbcEqGf/PXw1EjAZ+q2/bEBg3DvurK3Q==}

  balanced-match@1.0.2:
    resolution: {integrity: sha512-3oSeUO0TMV67hN1AmbXsK4yaqU7tjiHlbxRDZOpH0KW9+CeX4bRAaX0Anxt0tx2MrpRpWwQaPwIlISEJhYU5Pw==}

  brace-expansion@2.0.1:
    resolution: {integrity: sha512-XnAIvQ8eM+kC6aULx6wuQiwVsnzsi9d3WxzV3FpWTGA19F621kwdbsAcFKXgKUHZWsy+mY6iL1sHTxWEFCytDA==}

  braces@3.0.3:
    resolution: {integrity: sha512-yQbXgO/OSZVD2IsiLlro+7Hf6Q18EJrKSEsdoMzKePKXct3gvD8oLcOQdIzGupr5Fj+EDe8gO/lxc1BzfMpxvA==}
    engines: {node: '>=8'}

  color-convert@2.0.1:
    resolution: {integrity: sha512-RRECPsj7iu/xb5oKYcsFHSppFNnsj/52OVTRKb4zP5onXwVF3zVmmToNcOfGC+CRDpfK/U584fMg38ZHCaElKQ==}
    engines: {node: '>=7.0.0'}

  color-name@1.1.4:
    resolution: {integrity: sha512-dOy+3AuW3a2wNbZHIuMZpTcgjGuLU/uBL/ubcZF9OXbDo8ff4O8yVp5Bf0efS8uEoYo5q4Fx7dY9OgQGXgAsQA==}

  cross-spawn@7.0.6:
    resolution: {integrity: sha512-uV2QOWP2nWzsy2aMp8aRibhi9dlzF5Hgh5SHaB9OiTGEyDTiJJyx0uy51QXdyWbtAHNua4XJzUKca3OzKUd3vA==}
    engines: {node: '>= 8'}

  deep-extend@0.6.0:
    resolution: {integrity: sha512-LOHxIOaPYdHlJRtCQfDIVZtfw/ufM8+rVj649RIHzcm/vGwQRXFt6OPqIFWsm2XEMrNIEtWR64sY1LEKD2vAOA==}
    engines: {node: '>=4.0.0'}

  dependency-graph@1.0.0:
    resolution: {integrity: sha512-cW3gggJ28HZ/LExwxP2B++aiKxhJXMSIt9K48FOXQkm+vuG5gyatXnLsONRJdzO/7VfjDIiaOOa/bs4l464Lwg==}
    engines: {node: '>=4'}

  eastasianwidth@0.2.0:
    resolution: {integrity: sha512-I88TYZWc9XiYHRQ4/3c5rjjfgkjhLyW2luGIheGERbNQ6OY7yTybanSpDXZa8y7VUP9YmDcYa+eyq4ca7iLqWA==}

  emoji-regex@8.0.0:
    resolution: {integrity: sha512-MSjYzcWNOA0ewAHpz0MxpYFvwg6yjy1NG3xteoqz644VCo/RPgnr1/GGt+ic3iJTzQ8Eu3TdM14SawnVUmGE6A==}

  emoji-regex@9.2.2:
    resolution: {integrity: sha512-L18DaJsXSUk2+42pv8mLs5jJT2hqFkFE4j21wOmgbUqsZ2hL72NsUU785g9RXgo3s0ZNgVl42TiHp3ZtOv/Vyg==}

  err-code@2.0.3:
    resolution: {integrity: sha512-2bmlRpNKBxT/CRmPOlyISQpNj+qSeYvcym/uT0Jx2bMOlKLtSy1ZmLuVxSEKKyor/N5yhvp/ZiG1oE3DEYMSFA==}

  error-ex@1.3.2:
    resolution: {integrity: sha512-7dFHNmqeFSEt2ZBsCriorKnn3Z2pj+fd9kmI6QoWw4//DL+icEBfc0U7qJCisqrTsKTjw4fNFy2pW9OqStD84g==}

  estree-walker@2.0.2:
    resolution: {integrity: sha512-Rfkk/Mp/DL7JVje3u18FxFujQlTNR2q6QfMSMB7AvCBx91NGj/ba3kCfza0f6dVDbw7YlRf/nDrn7pQrCCyQ/w==}

  fast-deep-equal@3.1.3:
    resolution: {integrity: sha512-f3qQ9oQy9j2AhBe/H9VC91wLmKBCCU/gDOnKNAYG5hswO7BLKj09Hc5HYNz9cGI++xlpDCIgDaitVs03ATR84Q==}

  fast-glob@3.3.3:
    resolution: {integrity: sha512-7MptL8U0cqcFdzIzwOTHoilX9x5BrNqye7Z/LuC7kCMRio1EMSyqRK3BEAUD7sXRq4iT4AzTVuZdhgQ2TCvYLg==}
    engines: {node: '>=8.6.0'}

  fastq@1.19.0:
    resolution: {integrity: sha512-7SFSRCNjBQIZH/xZR3iy5iQYR8aGBE0h3VG6/cwlbrpdciNYBMotQav8c1XI3HjHH+NikUpP53nPdlZSdWmFzA==}

  fill-range@7.1.1:
    resolution: {integrity: sha512-YsGpe3WHLK8ZYi4tWDg2Jy3ebRz2rXowDxnld4bkQB00cc/1Zw9AWnC0i9ztDJitivtQvaI9KaLyKrc+hBW0yg==}
    engines: {node: '>=8'}

  foreground-child@3.3.0:
    resolution: {integrity: sha512-Ld2g8rrAyMYFXBhEqMz8ZAHBi4J4uS1i/CxGMDnjyFWddMXLVcDp051DZfu+t7+ab7Wv6SMqpWmyFIj5UbfFvg==}
    engines: {node: '>=14'}

  fsevents@2.3.3:
    resolution: {integrity: sha512-5xoDfX+fL7faATnagmWPpbFtwh/R77WmMMqqHGS65C3vvB0YHrgF+B1YmZ3441tMj5n63k0212XNoJwzlhffQw==}
    engines: {node: ^8.16.0 || ^10.6.0 || >=11.0.0}
    os: [darwin]

  function-bind@1.1.2:
    resolution: {integrity: sha512-7XHNxH7qX9xG5mIwxkhumTox/MIRNcOgDrxWsMt2pAr23WHp6MrRlN7FBSFpCpr+oVO0F744iUgR82nJMfG2SA==}

  glob-parent@5.1.2:
    resolution: {integrity: sha512-AOIgSQCepiJYwP3ARnGx+5VnTu2HBYdzbGP45eLw1vr3zB3vZLeyed1sC9hnbcOc9/SrMyM5RPQrkGz4aS9Zow==}
    engines: {node: '>= 6'}

  glob@10.4.5:
    resolution: {integrity: sha512-7Bv8RF0k6xjo7d4A/PxYLbUCfb6c+Vpd2/mB2yRDlew7Jb5hEXiCD9ibfO7wpk8i4sevK6DFny9h7EYbM3/sHg==}
    hasBin: true

  graceful-fs@4.2.11:
    resolution: {integrity: sha512-RbJ5/jmFcNNCcDV5o9eTnBLJ/HszWV0P73bc+Ff4nS/rJj+YaS6IGyiOL0VoBYX+l1Wrl3k63h/KrH+nhJ0XvQ==}

  hasown@2.0.2:
    resolution: {integrity: sha512-0hJU9SCPvmMzIBdZFqNPXWa6dqh7WdH0cII9y+CyS8rG3nL48Bclra9HmKhVVUHyPWNH5Y7xDwAB7bfgSjkUMQ==}
    engines: {node: '>= 0.4'}

  hosted-git-info@8.0.2:
    resolution: {integrity: sha512-sYKnA7eGln5ov8T8gnYlkSOxFJvywzEx9BueN6xo/GKO8PGiI6uK6xx+DIGe45T3bdVjLAQDQW1aicT8z8JwQg==}
    engines: {node: ^18.17.0 || >=20.5.0}

  imurmurhash@0.1.4:
    resolution: {integrity: sha512-JmXMZ6wuvDmLiHEml9ykzqO6lwFbof0GG4IkcGaENdCRDDmMVnny7s5HsIgHCbaq0w2MyPhDqkhTUgS2LU2PHA==}
    engines: {node: '>=0.8.19'}

  ini@1.3.8:
    resolution: {integrity: sha512-JV/yugV2uzW5iMRSiZAyDtQd+nxtUnjeLt0acNdw98kKLrvuRVyB80tsREOE7yvGVgalhZ6RNXCmEHkUKBKxew==}

  ini@5.0.0:
    resolution: {integrity: sha512-+N0ngpO3e7cRUWOJAS7qw0IZIVc6XPrW4MlFBdD066F2L4k1L6ker3hLqSq7iXxU5tgS4WGkIUElWn5vogAEnw==}
    engines: {node: ^18.17.0 || >=20.5.0}

  is-arrayish@0.2.1:
    resolution: {integrity: sha512-zz06S8t0ozoDXMG+ube26zeCTNXcKIPJZJi8hBrF4idCLms4CG9QtK7qBl1boi5ODzFpjswb5JPmHCbMpjaYzg==}

  is-core-module@2.16.1:
    resolution: {integrity: sha512-UfoeMA6fIJ8wTYFEUjelnaGI67v6+N7qXJEvQuIGa99l4xsCruSYOVSQ0uPANn4dAzm8lkYPaKLrrijLq7x23w==}
    engines: {node: '>= 0.4'}

  is-extglob@2.1.1:
    resolution: {integrity: sha512-SbKbANkN603Vi4jEZv49LeVJMn4yGwsbzZworEoyEiutsN3nJYdbO36zfhGJ6QEDpOZIFkDtnq5JRxmvl3jsoQ==}
    engines: {node: '>=0.10.0'}

  is-fullwidth-code-point@3.0.0:
    resolution: {integrity: sha512-zymm5+u+sCsSWyD9qNaejV3DFvhCKclKdizYaJUuHA83RLjb7nSuGnddCHGv0hk+KY7BMAlsWeK4Ueg6EV6XQg==}
    engines: {node: '>=8'}

  is-glob@4.0.3:
    resolution: {integrity: sha512-xelSayHH36ZgE7ZWhli7pW34hNbNl8Ojv5KVmkJD4hBdD3th8Tfk9vYasLM+mXWOZhFkgZfxhLSnrwRr4elSSg==}
    engines: {node: '>=0.10.0'}

  is-number@7.0.0:
    resolution: {integrity: sha512-41Cifkg6e8TylSpdtTpeLVMqvSBEVzTttHvERD741+pnZ8ANv0004MRL43QKPDlK9cGvNp6NZWZUBlbGXYxxng==}
    engines: {node: '>=0.12.0'}

  is-plain-obj@2.1.0:
    resolution: {integrity: sha512-YWnfyRwxL/+SsrWYfOpUtz5b3YD+nyfkHvjbcanzk8zgyO4ASD67uVMRt8k5bM4lLMDnXfriRhOpemw+NfT1eA==}
    engines: {node: '>=8'}

  is-windows@1.0.2:
    resolution: {integrity: sha512-eXK1UInq2bPmjyX6e3VHIzMLobc4J94i4AWn+Hpq3OU5KkrRC96OAcR3PRJ/pGu6m8TRnBHP9dkXQVsT/COVIA==}
    engines: {node: '>=0.10.0'}

  isexe@2.0.0:
    resolution: {integrity: sha512-RHxMLp9lnKHGHRng9QFhRCMbYAcVpn69smSGcq3f36xjgVVWThj4qqLbTLlq7Ssj8B+fIQ1EuCEGI2lKsyQeIw==}

  isexe@3.1.1:
    resolution: {integrity: sha512-LpB/54B+/2J5hqQ7imZHfdU31OlgQqx7ZicVlkm9kzg9/w8GKLEcFfJl/t7DCEDueOyBAD6zCCwTO6Fzs0NoEQ==}
    engines: {node: '>=16'}

  jackspeak@3.4.3:
    resolution: {integrity: sha512-OGlZQpz2yfahA/Rd1Y8Cd9SIEsqvXkLVoSw/cgwhnhFMDbsQFeZYoJJ7bIZBS9BcamUW96asq/npPWugM+RQBw==}

  js-tokens@4.0.0:
    resolution: {integrity: sha512-RdJUflcE3cUzKiMqQgsCu06FPu9UdIJO0beYbPhHN4k6apgJtifcoCtT9bcxOpYBtpD2kCM6Sbzg4CausW/PKQ==}

  js-yaml@4.1.0:
    resolution: {integrity: sha512-wpxZs9NoxZaJESJGIZTyDEaYpl0FKSA+FB9aJiyemKhMwkxQg63h4T1KJgUGHpTqPDNRcmmYLugrRjJlBtWvRA==}
    hasBin: true

  json-parse-even-better-errors@2.3.1:
    resolution: {integrity: sha512-xyFwyhro/JEof6Ghe2iz2NcXoj2sloNsWr/XsERDK/oiPCfaNhl5ONfp+jQdAZRQQ0IJWNzH9zIZF7li91kh2w==}

  json-parse-even-better-errors@4.0.0:
    resolution: {integrity: sha512-lR4MXjGNgkJc7tkQ97kb2nuEMnNCyU//XYVH0MKTGcXEiSudQ5MKGKen3C5QubYy0vmq+JGitUg92uuywGEwIA==}
    engines: {node: ^18.17.0 || >=20.5.0}

  json5@2.2.3:
    resolution: {integrity: sha512-XmOWe7eyHYH14cLdVPoyg+GOH3rYX++KpzrylJwSW98t3Nk+U8XOl8FWKOgwtzdb8lXGf6zYwDUzeHMWfxasyg==}
    engines: {node: '>=6'}
    hasBin: true

  lines-and-columns@1.2.4:
    resolution: {integrity: sha512-7ylylesZQ/PV29jhEDl3Ufjo6ZX7gCqJr5F7PKrqc93v7fzSymt1BpwEU8nAUXs8qzzvqhbjhK5QZg6Mt/HkBg==}

  lodash.clonedeep@4.5.0:
    resolution: {integrity: sha512-H5ZhCF25riFd9uB5UCkVKo61m3S/xZk1x4wA6yp/L3RFP6Z/eHH1ymQcGLo7J3GMPfm0V/7m1tryHuGVxpqEBQ==}

  lru-cache@10.4.3:
    resolution: {integrity: sha512-JNAzZcXrCt42VGLuYz0zfAzDfAvJWW6AfYlDBQyDV5DClI2m5sAmK+OIO7s59XfsRsWHp02jAJrRadPRGTt6SQ==}

  magic-string@0.25.9:
    resolution: {integrity: sha512-RmF0AsMzgt25qzqqLc1+MbHmhdx0ojF2Fvs4XnOqz2ZOBXzzkEwc/dJQZCYHAn7v1jbVOjAZfK8msRn4BxO4VQ==}

  merge2@1.4.1:
    resolution: {integrity: sha512-8q7VEgMJW4J8tcfVPy8g09NcQwZdbwFEqhe/WZkoIzjn/3TGDwtOCYtXGxA3O8tPzpczCCDgv+P2P5y00ZJOOg==}
    engines: {node: '>= 8'}

  micromatch@4.0.8:
    resolution: {integrity: sha512-PXwfBhYu0hBCPw8Dn0E+WDYb7af3dSLVWKi3HGv84IdF4TyFoC0ysxFd0Goxw7nSv4T/PzEJQxsYsEiFCKo2BA==}
    engines: {node: '>=8.6'}

  minimatch@9.0.5:
    resolution: {integrity: sha512-G6T0ZX48xgozx7587koeX9Ys2NYy6Gmv//P89sEte9V9whIapMNF4idKxnW2QtCcLiTWlb/wfCabAtAFWhhBow==}
    engines: {node: '>=16 || 14 >=14.17'}

  minimist@1.2.8:
    resolution: {integrity: sha512-2yyAR8qBkN3YuheJanUpWC5U3bb5osDywNB8RzDVlDwDHbocAJveqqj1u8+SVD7jkWT4yvsHCpWqqWqAxb0zCA==}

  minipass@7.1.2:
    resolution: {integrity: sha512-qOOzS1cBTWYF4BH8fVePDBOO9iptMnGUEZwNc/cMWnTV2nVLZ7VoNWEPHkYczZA0pdoA7dl6e7FL659nX9S2aw==}
    engines: {node: '>=16 || 14 >=14.17'}

  normalize-package-data@7.0.0:
    resolution: {integrity: sha512-k6U0gKRIuNCTkwHGZqblCfLfBRh+w1vI6tBo+IeJwq2M8FUiOqhX7GH+GArQGScA7azd1WfyRCvxoXDO3hQDIA==}
    engines: {node: ^18.17.0 || >=20.5.0}

  npm-install-checks@7.1.1:
    resolution: {integrity: sha512-u6DCwbow5ynAX5BdiHQ9qvexme4U3qHW3MWe5NqH+NeBm0LbiH6zvGjNNew1fY+AZZUtVHbOPF3j7mJxbUzpXg==}
    engines: {node: ^18.17.0 || >=20.5.0}

  npm-normalize-package-bin@4.0.0:
    resolution: {integrity: sha512-TZKxPvItzai9kN9H/TkmCtx/ZN/hvr3vUycjlfmH0ootY9yFBzNOpiXAdIn1Iteqsvk4lQn6B5PTrt+n6h8k/w==}
    engines: {node: ^18.17.0 || >=20.5.0}

  npm-package-arg@12.0.1:
    resolution: {integrity: sha512-aDxjFfPV3Liw0WOBWlyZLMBqtbgbg03rmGvHDJa2Ttv7tIz+1oB5qWec4psCDFZcZi9b5XdGkPdQiJxOPzvQRQ==}
    engines: {node: ^18.17.0 || >=20.5.0}

  npm-pick-manifest@10.0.0:
    resolution: {integrity: sha512-r4fFa4FqYY8xaM7fHecQ9Z2nE9hgNfJR+EmoKv0+chvzWkBcORX3r0FpTByP+CbOVJDladMXnPQGVN8PBLGuTQ==}
    engines: {node: ^18.17.0 || >=20.5.0}

  npmversion@2.0.5:
    resolution: {integrity: sha512-dbbVPqYdyQy024TusEtYEBfnBpN4ucHqnrPl0AGS88AvMQGLZrMjhPmQmFmeb9bOnJL32YygZ9gWKqCCc9EgjQ==}
    engines: {node: ^16.10.0 || ^18.12.0 || >=20.0.0}
    hasBin: true

  p-filter@2.1.0:
    resolution: {integrity: sha512-ZBxxZ5sL2HghephhpGAQdoskxplTwr7ICaehZwLIlfL6acuVgZPm8yBNuRAFBGEqtD/hmUeq9eqLg2ys9Xr/yw==}
    engines: {node: '>=8'}

  p-map@2.1.0:
    resolution: {integrity: sha512-y3b8Kpd8OAN444hxfBbFfj1FY/RjtTd8tzYwhUqNYXx0fXx2iX4maP4Qr6qhIKbQXI02wTLAda4fYUbDagTUFw==}
    engines: {node: '>=6'}

  package-json-from-dist@1.0.1:
    resolution: {integrity: sha512-UEZIS3/by4OC8vL3P2dTXRETpebLI2NiI5vIrjaD/5UtrkFX/tNbwjTSRAGC/+7CAo2pIcBaRgWmcBBHcsaCIw==}

  parse-json@5.2.0:
    resolution: {integrity: sha512-ayCKvm/phCGxOkYRSCM82iDwct8/EonSEgCSxWxD7ve6jHggsFl4fZVQBPRNgQoKiuV/odhFrGzQXZwbifC8Rg==}
    engines: {node: '>=8'}

  path-key@3.1.1:
    resolution: {integrity: sha512-ojmeN0qd+y0jszEtoY48r0Peq5dwMEkIlCOu6Q5f41lfkswXuKtYrhgoTpLnyIcHm24Uhqx+5Tqm2InSwLhE6Q==}
    engines: {node: '>=8'}

  path-parse@1.0.7:
    resolution: {integrity: sha512-LDJzPVEEEPR+y48z93A0Ed0yXb8pAByGWo/k5YYdYgpY2/2EsOsksJrq7lOHxryrVOn1ejG6oAp8ahvOIQD8sw==}

  path-scurry@1.11.1:
    resolution: {integrity: sha512-Xa4Nw17FS9ApQFJ9umLiJS4orGjm7ZzwUrwamcGQuHSzDyth9boKDaycYdDcZDuqYATXw4HFXgaqWTctW/v1HA==}
    engines: {node: '>=16 || 14 >=14.18'}

  picocolors@1.1.1:
    resolution: {integrity: sha512-xceH2snhtb5M9liqDsmEw56le376mTZkEX/jEb/RxNFyegNul7eNslCXP9FDj/Lcu0X8KEyMceP2ntpaHrDEVA==}

  picomatch@2.3.1:
    resolution: {integrity: sha512-JU3teHTNjmE2VCGFzuY8EXzCDVwEqB2a8fsIvwaStHhAWJEeVd1o1QD80CU6+ZdEXXSLbSsuLwJjkCBWqRQUVA==}
    engines: {node: '>=8.6'}

  picomatch@4.0.2:
    resolution: {integrity: sha512-M7BAV6Rlcy5u+m6oPhAPFgJTzAioX/6B0DxyvDlo9l8+T3nLKbrczg2WLUyzd45L8RqfUMyGPzekbMvX2Ldkwg==}
    engines: {node: '>=12'}

  proc-log@5.0.0:
    resolution: {integrity: sha512-Azwzvl90HaF0aCz1JrDdXQykFakSSNPaPoiZ9fm5qJIMHioDZEi7OAdRwSm6rSoPtY3Qutnm3L7ogmg3dc+wbQ==}
    engines: {node: ^18.17.0 || >=20.5.0}

  promise-inflight@1.0.1:
    resolution: {integrity: sha512-6zWPyEOFaQBJYcGMHBKTKJ3u6TBsnMFOIZSa6ce1e/ZrrsOlnHRHbabMjLiBYKp+n44X9eUI6VUPaukCXHuG4g==}
    peerDependencies:
      bluebird: '*'
    peerDependenciesMeta:
      bluebird:
        optional: true

  promise-retry@2.0.1:
    resolution: {integrity: sha512-y+WKFlBR8BGXnsNlIHFGPZmyDf3DFMoLhaflAnyZgV6rG6xu+JwesTo2Q9R6XwYmtmwAFCkAk3e35jEdoeh/3g==}
    engines: {node: '>=10'}

  queue-microtask@1.2.3:
    resolution: {integrity: sha512-NuaNSa6flKT5JaSYQzJok04JzTL1CA6aGhv5rfLW3PgqA+M2ChpZQnAC8h8i4ZFkBS8X5RqkDBHA7r4hej3K9A==}

  rc@1.2.8:
    resolution: {integrity: sha512-y3bGgqKj3QBdxLbLkomlohkvsA8gdAiUQlSBJnBhfn+BPxg4bc62d8TcBW15wavDfgexCgccckhcZvywyQYPOw==}
    hasBin: true

  read-yaml-file@2.1.0:
    resolution: {integrity: sha512-UkRNRIwnhG+y7hpqnycCL/xbTk7+ia9VuVTC0S+zVbwd65DI9eUpRMfsWIGrCWxTU/mi+JW8cHQCrv+zfCbEPQ==}
    engines: {node: '>=10.13'}

  resolve@1.22.10:
    resolution: {integrity: sha512-NPRy+/ncIMeDlTAsuqwKIiferiawhefFJtkNSW0qZJEqMEb+qBt/77B/jGeeek+F0uOeN05CDa6HXbbIgtVX4w==}
    engines: {node: '>= 0.4'}
    hasBin: true

  retry@0.12.0:
    resolution: {integrity: sha512-9LkiTwjUh6rT555DtE9rTX+BKByPfrMzEAtnlEtdEwr3Nkffwiihqe2bWADg+OQRjt9gl6ICdmB/ZFDCGAtSow==}
    engines: {node: '>= 4'}

  reusify@1.0.4:
    resolution: {integrity: sha512-U9nH88a3fc/ekCF1l0/UP1IosiuIjyTh7hBvXVMHYgVcfGvt897Xguj2UOLDeI5BG2m7/uwyaLVT6fbtCwTyzw==}
    engines: {iojs: '>=1.0.0', node: '>=0.10.0'}

  rollup-plugin-preserve-shebangs@0.2.0:
    resolution: {integrity: sha512-OEyTIfZwUJ7yUAVAbegac/bNvp1WJzgZcQNCFprWX42wwwOqlJwrev9lUmzZdYVgCWct+03xUPvZg4RfgkM9oQ==}
    peerDependencies:
      rollup: '*'

  rollup@4.31.0:
    resolution: {integrity: sha512-9cCE8P4rZLx9+PjoyqHLs31V9a9Vpvfo4qNcs6JCiGWYhw2gijSetFbH6SSy1whnkgcefnUwr8sad7tgqsGvnw==}
    engines: {node: '>=18.0.0', npm: '>=8.0.0'}
    hasBin: true

  run-parallel@1.2.0:
    resolution: {integrity: sha512-5l4VyZR86LZ/lDxZTR6jqL8AFE2S0IFLMP26AbjsLVADxHdhB/c0GUsH+y39UfCi3dzz8OlQuPmnaJOMoDHQBA==}

  semver@7.6.3:
    resolution: {integrity: sha512-oVekP1cKtI+CTDvHWYFUcMtsK/00wmAEfyqKfNdARm8u1wNVhSgaX7A8d4UuIlUI5e84iEwOhs7ZPYRmzU9U6A==}
    engines: {node: '>=10'}
    hasBin: true

  shebang-command@2.0.0:
    resolution: {integrity: sha512-kHxr2zZpYtdmrN1qDjrrX/Z1rR1kG8Dx+gkpK1G4eXmvXswmcE1hTWBWYUzlraYw1/yZp6YuDY77YtvbN0dmDA==}
    engines: {node: '>=8'}

  shebang-regex@3.0.0:
    resolution: {integrity: sha512-7++dFhtcx3353uBaq8DDR4NuxBetBzC7ZQOhmTQInHEd6bSrXdiEyzCvG07Z44UYdLShWUyXt5M/yhz8ekcb1A==}
    engines: {node: '>=8'}

  signal-exit@4.1.0:
    resolution: {integrity: sha512-bzyZ1e88w9O1iNJbKnOlvYTrWPDl46O1bG0D3XInv+9tkPrxrN8jUUTiFlDkkmKWgn1M6CfIA13SuGqOa9Korw==}
    engines: {node: '>=14'}

  sort-keys@4.2.0:
    resolution: {integrity: sha512-aUYIEU/UviqPgc8mHR6IW1EGxkAXpeRETYcrzg8cLAvUPZcpAlleSXHV2mY7G12GphSH6Gzv+4MMVSSkbdteHg==}
    engines: {node: '>=8'}

  sourcemap-codec@1.4.8:
    resolution: {integrity: sha512-9NykojV5Uih4lgo5So5dtw+f0JgJX30KCNI8gwhz2J9A15wD0Ml6tjHKwf6fTSa6fAdVBdZeNOs9eJ71qCk8vA==}
    deprecated: Please use @jridgewell/sourcemap-codec instead

  spdx-correct@3.2.0:
    resolution: {integrity: sha512-kN9dJbvnySHULIluDHy32WHRUu3Og7B9sbY7tsFLctQkIqnMh3hErYgdMjTYuqmcXX+lK5T1lnUt3G7zNswmZA==}

  spdx-exceptions@2.5.0:
    resolution: {integrity: sha512-PiU42r+xO4UbUS1buo3LPJkjlO7430Xn5SVAhdpzzsPHsjbYVflnnFdATgabnLude+Cqu25p6N+g2lw/PFsa4w==}

  spdx-expression-parse@3.0.1:
    resolution: {integrity: sha512-cbqHunsQWnJNE6KhVSMsMeH5H/L9EpymbzqTQ3uLwNCLZ1Q481oWaofqH7nO6V07xlXwY6PhQdQ2IedWx/ZK4Q==}

  spdx-license-ids@3.0.21:
    resolution: {integrity: sha512-Bvg/8F5XephndSK3JffaRqdT+gyhfqIPwDHpX80tJrF8QQRYMo8sNMeaZ2Dp5+jhwKnUmIOyFFQfHRkjJm5nXg==}

  string-width@4.2.3:
    resolution: {integrity: sha512-wKyQRQpjJ0sIp62ErSZdGsjMJWsap5oRNihHhu6G7JVO/9jIB6UyevL+tXuOqrng8j/cxKTWyWUwvSTriiZz/g==}
    engines: {node: '>=8'}

  string-width@5.1.2:
    resolution: {integrity: sha512-HnLOCR3vjcY8beoNLtcjZ5/nxn2afmME6lhrDrebokqMap+XbeW8n9TXpPDOqdGK5qcI3oT0GKTW6wC7EMiVqA==}
    engines: {node: '>=12'}

  strip-ansi@6.0.1:
    resolution: {integrity: sha512-Y38VPSHcqkFrCpFnQ9vuSXmquuv5oXOKpGeT6aGrr3o3Gc9AlVa6JBfUSOCnbxGGZF+/0ooI7KrPuUSztUdU5A==}
    engines: {node: '>=8'}

  strip-ansi@7.1.0:
    resolution: {integrity: sha512-iq6eVVI64nQQTRYq2KtEg2d2uU7LElhTJwsH4YzIHZshxlgZms/wIc4VoDQTlG/IvVIrBKG06CrZnp0qv7hkcQ==}
    engines: {node: '>=12'}

  strip-bom@4.0.0:
    resolution: {integrity: sha512-3xurFv5tEgii33Zi8Jtp55wEIILR9eh34FAW00PZf+JnSsTmV/ioewSgQl97JHvgjoRGwPShsWm+IdrxB35d0w==}
    engines: {node: '>=8'}

  strip-comments-strings@1.2.0:
    resolution: {integrity: sha512-zwF4bmnyEjZwRhaak9jUWNxc0DoeKBJ7lwSN/LEc8dQXZcUFG6auaaTQJokQWXopLdM3iTx01nQT8E4aL29DAQ==}

  strip-json-comments@2.0.1:
    resolution: {integrity: sha512-4gB8na07fecVVkOI6Rs4e7T6NOTki5EmL7TUduTs6bu3EdnSycntVJ4re8kgZA+wx9IueI2Y11bfbgwtzuE0KQ==}
    engines: {node: '>=0.10.0'}

  supports-preserve-symlinks-flag@1.0.0:
    resolution: {integrity: sha512-ot0WnXS9fgdkgIcePe6RHNk1WA8+muPa6cSjeR3V8K27q9BB1rTE3R1p7Hv0z1ZyAc8s6Vvv8DIyWf681MAt0w==}
    engines: {node: '>= 0.4'}

  to-regex-range@5.0.1:
    resolution: {integrity: sha512-65P7iz6X5yEr1cwcgvQxbbIw7Uk3gOy5dIdtZ4rDveLqhrdJP+Li/Hx6tyK0NEb+2GCyneCMJiGqrADCSNk8sQ==}
    engines: {node: '>=8.0'}

  tslib@2.8.1:
    resolution: {integrity: sha512-oJFu94HQb+KVduSUQL7wnpmqnfmLsOA/nAh6b6EH0wCEoK0/mPeXU6c3wKDV83MkOuHPRHtSXKKU99IBazS/2w==}

  typescript@5.7.3:
    resolution: {integrity: sha512-84MVSjMEHP+FQRPy3pX9sTVV/INIex71s9TL2Gm5FG/WG1SqXeKyZ0k7/blY/4FdOzI12CBy1vGc4og/eus0fw==}
    engines: {node: '>=14.17'}
    hasBin: true

  undici-types@6.20.0:
    resolution: {integrity: sha512-Ny6QZ2Nju20vw1SRHe3d9jVu6gJ+4e3+MMpqu7pqE5HT6WsTSlce++GQmK5UXS8mzV8DSYHrQH+Xrf2jVcuKNg==}

  validate-npm-package-license@3.0.4:
    resolution: {integrity: sha512-DpKm2Ui/xN7/HQKCtpZxoRWBhZ9Z0kqtygG8XCgNQ8ZlDnxuQmWhj566j8fN4Cu3/JmbhsDo7fcAJq4s9h27Ew==}

  validate-npm-package-name@6.0.0:
    resolution: {integrity: sha512-d7KLgL1LD3U3fgnvWEY1cQXoO/q6EQ1BSz48Sa149V/5zVTAbgmZIpyI8TRi6U9/JNyeYLlTKsEMPtLC27RFUg==}
    engines: {node: ^18.17.0 || >=20.5.0}

  which@2.0.2:
    resolution: {integrity: sha512-BLI3Tl1TW3Pvl70l3yq3Y64i+awpwXqsGBYWkkqMtnbXgrMD+yj7rhW0kuEDxzJaYXGjEW5ogapKNMEKNMjibA==}
    engines: {node: '>= 8'}
    hasBin: true

  which@5.0.0:
    resolution: {integrity: sha512-JEdGzHwwkrbWoGOlIHqQ5gtprKGOenpDHpxE9zVR1bWbOtYRyPPHMe9FaP6x61CmNaTThSkb0DAJte5jD+DmzQ==}
    engines: {node: ^18.17.0 || >=20.5.0}
    hasBin: true

  wrap-ansi@7.0.0:
    resolution: {integrity: sha512-YVGIj2kamLSTxw6NsZjoBxfSwsn0ycdesmc4p+Q21c5zPuZ1pl+NfxVdxPtdHvmNVOQ6XSYG4AUtyt/Fi7D16Q==}
    engines: {node: '>=10'}

  wrap-ansi@8.1.0:
    resolution: {integrity: sha512-si7QWI6zUMq56bESFvagtmzMdGOtoxfR+Sez11Mobfc7tm+VkUckk9bW2UeffTGVUbOksxmSw0AA2gs8g71NCQ==}
    engines: {node: '>=12'}

  write-file-atomic@5.0.1:
    resolution: {integrity: sha512-+QU2zd6OTD8XWIJCbffaiQeH9U73qIqafo1x6V1snCWYGJf6cVE0cDR4D8xRzcEnfI21IFrUPzPGtcPf8AC+Rw==}
    engines: {node: ^14.17.0 || ^16.13.0 || >=18.0.0}

  write-yaml-file@5.0.0:
    resolution: {integrity: sha512-FdNA4RyH1L43TlvGG8qOMIfcEczwA5ij+zLXUy3Z83CjxhLvcV7/Q/8pk22wnCgYw7PJhtK+7lhO+qqyT4NdvQ==}
    engines: {node: '>=16.14'}

snapshots:

  '@babel/code-frame@7.26.2':
    dependencies:
      '@babel/helper-validator-identifier': 7.25.9
      js-tokens: 4.0.0
      picocolors: 1.1.1

  '@babel/helper-validator-identifier@7.25.9': {}

  '@gwhitney/detect-indent@7.0.1': {}

  '@isaacs/cliui@8.0.2':
    dependencies:
      string-width: 5.1.2
      string-width-cjs: string-width@4.2.3
      strip-ansi: 7.1.0
      strip-ansi-cjs: strip-ansi@6.0.1
      wrap-ansi: 8.1.0
      wrap-ansi-cjs: wrap-ansi@7.0.0

  '@nodelib/fs.scandir@2.1.5':
    dependencies:
      '@nodelib/fs.stat': 2.0.5
      run-parallel: 1.2.0

  '@nodelib/fs.stat@2.0.5': {}

  '@nodelib/fs.walk@1.2.8':
    dependencies:
      '@nodelib/fs.scandir': 2.1.5
      fastq: 1.19.0

  '@npmcli/git@6.0.1':
    dependencies:
      '@npmcli/promise-spawn': 8.0.2
      ini: 5.0.0
      lru-cache: 10.4.3
      npm-pick-manifest: 10.0.0
      proc-log: 5.0.0
      promise-inflight: 1.0.1
      promise-retry: 2.0.1
      semver: 7.6.3
      which: 5.0.0
    transitivePeerDependencies:
      - bluebird

  '@npmcli/package-json@6.1.0':
    dependencies:
      '@npmcli/git': 6.0.1
      glob: 10.4.5
      hosted-git-info: 8.0.2
      json-parse-even-better-errors: 4.0.0
      normalize-package-data: 7.0.0
      proc-log: 5.0.0
      semver: 7.6.3
    transitivePeerDependencies:
      - bluebird

  '@npmcli/promise-spawn@8.0.2':
    dependencies:
      which: 5.0.0

  '@npmversion/cli@2.0.5':
    dependencies:
      '@npmversion/core': 2.0.5
      '@types/minimist': 1.2.5
      minimist: 1.2.8
    transitivePeerDependencies:
      - '@npmversion/jest-utils'
      - bluebird

  '@npmversion/core@2.0.5':
    dependencies:
      '@npmversion/util': 2.0.5
      '@npmversion/workspace': 2.0.5
      '@types/rc': 1.2.4
      '@types/semver': 7.5.8
      rc: 1.2.8
      semver: 7.6.3
    transitivePeerDependencies:
      - bluebird

  '@npmversion/util@2.0.5':
    dependencies:
      json5: 2.2.3

  '@npmversion/workspace@2.0.5':
    dependencies:
      '@npmcli/package-json': 6.1.0
      '@npmversion/util': 2.0.5
      '@pnpm/fs.find-packages': 1000.0.1
      '@types/semver': 7.5.8
      dependency-graph: 1.0.0
      semver: 7.6.3
    transitivePeerDependencies:
      - bluebird

  '@pkgjs/parseargs@0.11.0':
    optional: true

  '@pnpm/constants@1001.0.0': {}

  '@pnpm/error@1000.0.1':
    dependencies:
      '@pnpm/constants': 1001.0.0

  '@pnpm/fs.find-packages@1000.0.1':
    dependencies:
      '@pnpm/read-project-manifest': 1000.0.1
      '@pnpm/types': 1000.0.0
      '@pnpm/util.lex-comparator': 3.0.0
      fast-glob: 3.3.3
      p-filter: 2.1.0

  '@pnpm/graceful-fs@1000.0.0':
    dependencies:
      graceful-fs: 4.2.11

  '@pnpm/read-project-manifest@1000.0.1':
    dependencies:
      '@gwhitney/detect-indent': 7.0.1
      '@pnpm/error': 1000.0.1
      '@pnpm/graceful-fs': 1000.0.0
      '@pnpm/text.comments-parser': 1000.0.0
      '@pnpm/types': 1000.0.0
      '@pnpm/write-project-manifest': 1000.0.0
      fast-deep-equal: 3.1.3
      is-windows: 1.0.2
      json5: 2.2.3
      lodash.clonedeep: 4.5.0
      parse-json: 5.2.0
      read-yaml-file: 2.1.0
      sort-keys: 4.2.0
      strip-bom: 4.0.0

  '@pnpm/text.comments-parser@1000.0.0':
    dependencies:
      strip-comments-strings: 1.2.0

  '@pnpm/types@1000.0.0': {}

  '@pnpm/util.lex-comparator@3.0.0': {}

  '@pnpm/write-project-manifest@1000.0.0':
    dependencies:
      '@pnpm/text.comments-parser': 1000.0.0
      '@pnpm/types': 1000.0.0
      json5: 2.2.3
      write-file-atomic: 5.0.1
      write-yaml-file: 5.0.0

  '@rollup/plugin-typescript@12.1.2(rollup@4.31.0)(tslib@2.8.1)(typescript@5.7.3)':
    dependencies:
      '@rollup/pluginutils': 5.1.4(rollup@4.31.0)
      resolve: 1.22.10
      typescript: 5.7.3
    optionalDependencies:
      rollup: 4.31.0
      tslib: 2.8.1

  '@rollup/pluginutils@5.1.4(rollup@4.31.0)':
    dependencies:
      '@types/estree': 1.0.6
      estree-walker: 2.0.2
      picomatch: 4.0.2
    optionalDependencies:
      rollup: 4.31.0

  '@rollup/rollup-android-arm-eabi@4.31.0':
    optional: true

  '@rollup/rollup-android-arm64@4.31.0':
    optional: true

  '@rollup/rollup-darwin-arm64@4.31.0':
    optional: true

  '@rollup/rollup-darwin-x64@4.31.0':
    optional: true

  '@rollup/rollup-freebsd-arm64@4.31.0':
    optional: true

  '@rollup/rollup-freebsd-x64@4.31.0':
    optional: true

  '@rollup/rollup-linux-arm-gnueabihf@4.31.0':
    optional: true

  '@rollup/rollup-linux-arm-musleabihf@4.31.0':
    optional: true

  '@rollup/rollup-linux-arm64-gnu@4.31.0':
    optional: true

  '@rollup/rollup-linux-arm64-musl@4.31.0':
    optional: true

  '@rollup/rollup-linux-loongarch64-gnu@4.31.0':
    optional: true

  '@rollup/rollup-linux-powerpc64le-gnu@4.31.0':
    optional: true

  '@rollup/rollup-linux-riscv64-gnu@4.31.0':
    optional: true

  '@rollup/rollup-linux-s390x-gnu@4.31.0':
    optional: true

  '@rollup/rollup-linux-x64-gnu@4.31.0':
    optional: true

  '@rollup/rollup-linux-x64-musl@4.31.0':
    optional: true

  '@rollup/rollup-win32-arm64-msvc@4.31.0':
    optional: true

  '@rollup/rollup-win32-ia32-msvc@4.31.0':
    optional: true

  '@rollup/rollup-win32-x64-msvc@4.31.0':
    optional: true

  '@tsconfig/node22@22.0.0': {}

  '@types/estree@1.0.6': {}

  '@types/minimist@1.2.5': {}

  '@types/node@22.10.5':
    dependencies:
      undici-types: 6.20.0

  '@types/rc@1.2.4':
    dependencies:
      '@types/minimist': 1.2.5

  '@types/semver@7.5.8': {}

  ansi-regex@5.0.1: {}

  ansi-regex@6.1.0: {}

  ansi-styles@4.3.0:
    dependencies:
      color-convert: 2.0.1

  ansi-styles@6.2.1: {}

  argparse@2.0.1: {}

  balanced-match@1.0.2: {}

  brace-expansion@2.0.1:
    dependencies:
      balanced-match: 1.0.2

  braces@3.0.3:
    dependencies:
      fill-range: 7.1.1

  color-convert@2.0.1:
    dependencies:
      color-name: 1.1.4

  color-name@1.1.4: {}

  cross-spawn@7.0.6:
    dependencies:
      path-key: 3.1.1
      shebang-command: 2.0.0
      which: 2.0.2

  deep-extend@0.6.0: {}

  dependency-graph@1.0.0: {}

  eastasianwidth@0.2.0: {}

  emoji-regex@8.0.0: {}

  emoji-regex@9.2.2: {}

  err-code@2.0.3: {}

  error-ex@1.3.2:
    dependencies:
      is-arrayish: 0.2.1

  estree-walker@2.0.2: {}

  fast-deep-equal@3.1.3: {}

  fast-glob@3.3.3:
    dependencies:
      '@nodelib/fs.stat': 2.0.5
      '@nodelib/fs.walk': 1.2.8
      glob-parent: 5.1.2
      merge2: 1.4.1
      micromatch: 4.0.8

  fastq@1.19.0:
    dependencies:
      reusify: 1.0.4

  fill-range@7.1.1:
    dependencies:
      to-regex-range: 5.0.1

  foreground-child@3.3.0:
    dependencies:
      cross-spawn: 7.0.6
      signal-exit: 4.1.0

  fsevents@2.3.3:
    optional: true

  function-bind@1.1.2: {}

  glob-parent@5.1.2:
    dependencies:
      is-glob: 4.0.3

  glob@10.4.5:
    dependencies:
      foreground-child: 3.3.0
      jackspeak: 3.4.3
      minimatch: 9.0.5
      minipass: 7.1.2
      package-json-from-dist: 1.0.1
      path-scurry: 1.11.1

  graceful-fs@4.2.11: {}

  hasown@2.0.2:
    dependencies:
      function-bind: 1.1.2

  hosted-git-info@8.0.2:
    dependencies:
      lru-cache: 10.4.3

  imurmurhash@0.1.4: {}

  ini@1.3.8: {}

  ini@5.0.0: {}

  is-arrayish@0.2.1: {}

  is-core-module@2.16.1:
    dependencies:
      hasown: 2.0.2

  is-extglob@2.1.1: {}

  is-fullwidth-code-point@3.0.0: {}

  is-glob@4.0.3:
    dependencies:
      is-extglob: 2.1.1

  is-number@7.0.0: {}

  is-plain-obj@2.1.0: {}

  is-windows@1.0.2: {}

  isexe@2.0.0: {}

  isexe@3.1.1: {}

  jackspeak@3.4.3:
    dependencies:
      '@isaacs/cliui': 8.0.2
    optionalDependencies:
      '@pkgjs/parseargs': 0.11.0

  js-tokens@4.0.0: {}

  js-yaml@4.1.0:
    dependencies:
      argparse: 2.0.1

  json-parse-even-better-errors@2.3.1: {}

  json-parse-even-better-errors@4.0.0: {}

  json5@2.2.3: {}

  lines-and-columns@1.2.4: {}

  lodash.clonedeep@4.5.0: {}

  lru-cache@10.4.3: {}

  magic-string@0.25.9:
    dependencies:
      sourcemap-codec: 1.4.8

  merge2@1.4.1: {}

  micromatch@4.0.8:
    dependencies:
      braces: 3.0.3
      picomatch: 2.3.1

  minimatch@9.0.5:
    dependencies:
      brace-expansion: 2.0.1

  minimist@1.2.8: {}

  minipass@7.1.2: {}

  normalize-package-data@7.0.0:
    dependencies:
      hosted-git-info: 8.0.2
      semver: 7.6.3
      validate-npm-package-license: 3.0.4

  npm-install-checks@7.1.1:
    dependencies:
      semver: 7.6.3

  npm-normalize-package-bin@4.0.0: {}

  npm-package-arg@12.0.1:
    dependencies:
      hosted-git-info: 8.0.2
      proc-log: 5.0.0
      semver: 7.6.3
      validate-npm-package-name: 6.0.0

  npm-pick-manifest@10.0.0:
    dependencies:
      npm-install-checks: 7.1.1
      npm-normalize-package-bin: 4.0.0
      npm-package-arg: 12.0.1
      semver: 7.6.3

  npmversion@2.0.5:
    dependencies:
      '@npmversion/cli': 2.0.5
    transitivePeerDependencies:
      - '@npmversion/jest-utils'
      - bluebird

  p-filter@2.1.0:
    dependencies:
      p-map: 2.1.0

  p-map@2.1.0: {}

  package-json-from-dist@1.0.1: {}

  parse-json@5.2.0:
    dependencies:
      '@babel/code-frame': 7.26.2
      error-ex: 1.3.2
      json-parse-even-better-errors: 2.3.1
      lines-and-columns: 1.2.4

  path-key@3.1.1: {}

  path-parse@1.0.7: {}

  path-scurry@1.11.1:
    dependencies:
      lru-cache: 10.4.3
      minipass: 7.1.2

  picocolors@1.1.1: {}

  picomatch@2.3.1: {}

  picomatch@4.0.2: {}

  proc-log@5.0.0: {}

  promise-inflight@1.0.1: {}

  promise-retry@2.0.1:
    dependencies:
      err-code: 2.0.3
      retry: 0.12.0

  queue-microtask@1.2.3: {}

  rc@1.2.8:
    dependencies:
      deep-extend: 0.6.0
      ini: 1.3.8
      minimist: 1.2.8
      strip-json-comments: 2.0.1

  read-yaml-file@2.1.0:
    dependencies:
      js-yaml: 4.1.0
      strip-bom: 4.0.0

  resolve@1.22.10:
    dependencies:
      is-core-module: 2.16.1
      path-parse: 1.0.7
      supports-preserve-symlinks-flag: 1.0.0

  retry@0.12.0: {}

  reusify@1.0.4: {}

  rollup-plugin-preserve-shebangs@0.2.0(rollup@4.31.0):
    dependencies:
      magic-string: 0.25.9
      rollup: 4.31.0

  rollup@4.31.0:
    dependencies:
      '@types/estree': 1.0.6
    optionalDependencies:
      '@rollup/rollup-android-arm-eabi': 4.31.0
      '@rollup/rollup-android-arm64': 4.31.0
      '@rollup/rollup-darwin-arm64': 4.31.0
      '@rollup/rollup-darwin-x64': 4.31.0
      '@rollup/rollup-freebsd-arm64': 4.31.0
      '@rollup/rollup-freebsd-x64': 4.31.0
      '@rollup/rollup-linux-arm-gnueabihf': 4.31.0
      '@rollup/rollup-linux-arm-musleabihf': 4.31.0
      '@rollup/rollup-linux-arm64-gnu': 4.31.0
      '@rollup/rollup-linux-arm64-musl': 4.31.0
      '@rollup/rollup-linux-loongarch64-gnu': 4.31.0
      '@rollup/rollup-linux-powerpc64le-gnu': 4.31.0
      '@rollup/rollup-linux-riscv64-gnu': 4.31.0
      '@rollup/rollup-linux-s390x-gnu': 4.31.0
      '@rollup/rollup-linux-x64-gnu': 4.31.0
      '@rollup/rollup-linux-x64-musl': 4.31.0
      '@rollup/rollup-win32-arm64-msvc': 4.31.0
      '@rollup/rollup-win32-ia32-msvc': 4.31.0
      '@rollup/rollup-win32-x64-msvc': 4.31.0
      fsevents: 2.3.3

  run-parallel@1.2.0:
    dependencies:
      queue-microtask: 1.2.3

  semver@7.6.3: {}

  shebang-command@2.0.0:
    dependencies:
      shebang-regex: 3.0.0

  shebang-regex@3.0.0: {}

  signal-exit@4.1.0: {}

  sort-keys@4.2.0:
    dependencies:
      is-plain-obj: 2.1.0

  sourcemap-codec@1.4.8: {}

  spdx-correct@3.2.0:
    dependencies:
      spdx-expression-parse: 3.0.1
      spdx-license-ids: 3.0.21

  spdx-exceptions@2.5.0: {}

  spdx-expression-parse@3.0.1:
    dependencies:
      spdx-exceptions: 2.5.0
      spdx-license-ids: 3.0.21

  spdx-license-ids@3.0.21: {}

  string-width@4.2.3:
    dependencies:
      emoji-regex: 8.0.0
      is-fullwidth-code-point: 3.0.0
      strip-ansi: 6.0.1

  string-width@5.1.2:
    dependencies:
      eastasianwidth: 0.2.0
      emoji-regex: 9.2.2
      strip-ansi: 7.1.0

  strip-ansi@6.0.1:
    dependencies:
      ansi-regex: 5.0.1

  strip-ansi@7.1.0:
    dependencies:
      ansi-regex: 6.1.0

  strip-bom@4.0.0: {}

  strip-comments-strings@1.2.0: {}

  strip-json-comments@2.0.1: {}

  supports-preserve-symlinks-flag@1.0.0: {}

  to-regex-range@5.0.1:
    dependencies:
      is-number: 7.0.0

  tslib@2.8.1: {}

  typescript@5.7.3: {}

  undici-types@6.20.0: {}

  validate-npm-package-license@3.0.4:
    dependencies:
      spdx-correct: 3.2.0
      spdx-expression-parse: 3.0.1

  validate-npm-package-name@6.0.0: {}

  which@2.0.2:
    dependencies:
      isexe: 2.0.0

  which@5.0.0:
    dependencies:
      isexe: 3.1.1

  wrap-ansi@7.0.0:
    dependencies:
      ansi-styles: 4.3.0
      string-width: 4.2.3
      strip-ansi: 6.0.1

  wrap-ansi@8.1.0:
    dependencies:
      ansi-styles: 6.2.1
      string-width: 5.1.2
      strip-ansi: 7.1.0

  write-file-atomic@5.0.1:
    dependencies:
      imurmurhash: 0.1.4
      signal-exit: 4.1.0

  write-yaml-file@5.0.0:
    dependencies:
      js-yaml: 4.1.0
      write-file-atomic: 5.0.1
